
Microsoft Visual Studio Solution File, Format Version 12.00
# Visual Studio Version 17
VisualStudioVersion = 17.3.32611.2
MinimumVisualStudioVersion = 10.0.40219.1
Project("{FAE04EC0-301F-11D3-BF4B-00C04F79EFBC}") = "FoliageStorageX", "FoliageStorageX\FoliageStorageX.csproj", "{83DE58E8-BBBA-4EBA-8F6A-EACC83E59EAE}"
EndProject
Global
	GlobalSection(SolutionConfigurationPlatforms) = preSolution
		Debug|Any CPU = Debug|Any CPU
		Release|Any CPU = Release|Any CPU
	EndGlobalSection
	GlobalSection(ProjectConfigurationPlatforms) = postSolution
		{83DE58E8-BBBA-4EBA-8F6A-EACC83E59EAE}.Debug|Any CPU.ActiveCfg = Debug|Any CPU
		{83DE58E8-BBBA-4EBA-8F6A-EACC83E59EAE}.Debug|Any CPU.Build.0 = Debug|Any CPU
		{83DE58E8-BBBA-4EBA-8F6A-EACC83E59EAE}.Release|Any CPU.ActiveCfg = Release|Any CPU
		{83DE58E8-BBBA-4EBA-8F6A-EACC83E59EAE}.Release|Any CPU.Build.0 = Release|Any CPU
	EndGlobalSection
	GlobalSection(SolutionProperties) = preSolution
		HideSolutionNode = FALSE
	EndGlobalSection
	GlobalSection(ExtensibilityGlobals) = postSolution
		SolutionGuid = {8517DEC8-6133-4026-ABA9-D6FB14C99DCE}
	EndGlobalSection
EndGlobal
